
Microsoft Visual Studio Solution File, Format Version 12.00
# Visual Studio Version 17
VisualStudioVersion = 17.5.33516.290
MinimumVisualStudioVersion = 10.0.40219.1
Project("{9A19103F-16F7-4668-BE54-9A1E7A4F7556}") = "MyNeoAcademy.API", "MyNeoAcademy.API\MyNeoAcademy.API.csproj", "{9372EC56-A48F-4CED-9C74-DE0BE9C9D81C}"
EndProject
Project("{9A19103F-16F7-4668-BE54-9A1E7A4F7556}") = "MyNeoAcademy.Entity", "MyNeoAcademy.Entity\MyNeoAcademy.Entity.csproj", "{6F2A78E1-7EC7-4D24-903E-5A100B5A0C5A}"
EndProject
Project("{9A19103F-16F7-4668-BE54-9A1E7A4F7556}") = "MyNeoAcademy.DataAccess", "MyNeoAcademy.DataAccess\MyNeoAcademy.DataAccess.csproj", "{22EC929F-1936-4907-B3EF-28F125737826}"
EndProject
Project("{9A19103F-16F7-4668-BE54-9A1E7A4F7556}") = "MyNeoAcademy.Business", "MyNeoAcademy.Business\MyNeoAcademy.Business.csproj", "{79C914FC-25F7-45E7-B8DB-0E6A0FA687FA}"
EndProject
Project("{9A19103F-16F7-4668-BE54-9A1E7A4F7556}") = "MyNeoAcademy.WebUI", "MyNeoAcademy.WebUI\MyNeoAcademy.WebUI.csproj", "{4FDBC244-8B74-4490-AF48-AC9BAC4BC399}"
EndProject
Project("{9A19103F-16F7-4668-BE54-9A1E7A4F7556}") = "MyNeoAcademy.Application", "MyNeoAcademy.Application\MyNeoAcademy.Application.csproj", "{F47E77B1-8DCB-4D33-A976-8ACCD9840240}"
EndProject
Project("{FAE04EC0-301F-11D3-BF4B-00C04F79EFBC}") = "MyNeoAcademy.Infrastructure", "MyNeoAcademy.Infrastructure\MyNeoAcademy.Infrastructure.csproj", "{B31153A0-ED87-45E5-BE6B-3ABA4D4CF364}"
EndProject
Global
	GlobalSection(SolutionConfigurationPlatforms) = preSolution
		Debug|Any CPU = Debug|Any CPU
		Release|Any CPU = Release|Any CPU
	EndGlobalSection
	GlobalSection(ProjectConfigurationPlatforms) = postSolution
		{9372EC56-A48F-4CED-9C74-DE0BE9C9D81C}.Debug|Any CPU.ActiveCfg = Debug|Any CPU
		{9372EC56-A48F-4CED-9C74-DE0BE9C9D81C}.Debug|Any CPU.Build.0 = Debug|Any CPU
		{9372EC56-A48F-4CED-9C74-DE0BE9C9D81C}.Release|Any CPU.ActiveCfg = Release|Any CPU
		{9372EC56-A48F-4CED-9C74-DE0BE9C9D81C}.Release|Any CPU.Build.0 = Release|Any CPU
		{6F2A78E1-7EC7-4D24-903E-5A100B5A0C5A}.Debug|Any CPU.ActiveCfg = Debug|Any CPU
		{6F2A78E1-7EC7-4D24-903E-5A100B5A0C5A}.Debug|Any CPU.Build.0 = Debug|Any CPU
		{6F2A78E1-7EC7-4D24-903E-5A100B5A0C5A}.Release|Any CPU.ActiveCfg = Release|Any CPU
		{6F2A78E1-7EC7-4D24-903E-5A100B5A0C5A}.Release|Any CPU.Build.0 = Release|Any CPU
		{22EC929F-1936-4907-B3EF-28F125737826}.Debug|Any CPU.ActiveCfg = Debug|Any CPU
		{22EC929F-1936-4907-B3EF-28F125737826}.Debug|Any CPU.Build.0 = Debug|Any CPU
		{22EC929F-1936-4907-B3EF-28F125737826}.Release|Any CPU.ActiveCfg = Release|Any CPU
		{22EC929F-1936-4907-B3EF-28F125737826}.Release|Any CPU.Build.0 = Release|Any CPU
		{79C914FC-25F7-45E7-B8DB-0E6A0FA687FA}.Debug|Any CPU.ActiveCfg = Debug|Any CPU
		{79C914FC-25F7-45E7-B8DB-0E6A0FA687FA}.Debug|Any CPU.Build.0 = Debug|Any CPU
		{79C914FC-25F7-45E7-B8DB-0E6A0FA687FA}.Release|Any CPU.ActiveCfg = Release|Any CPU
		{79C914FC-25F7-45E7-B8DB-0E6A0FA687FA}.Release|Any CPU.Build.0 = Release|Any CPU
		{4FDBC244-8B74-4490-AF48-AC9BAC4BC399}.Debug|Any CPU.ActiveCfg = Debug|Any CPU
		{4FDBC244-8B74-4490-AF48-AC9BAC4BC399}.Debug|Any CPU.Build.0 = Debug|Any CPU
		{4FDBC244-8B74-4490-AF48-AC9BAC4BC399}.Release|Any CPU.ActiveCfg = Release|Any CPU
		{4FDBC244-8B74-4490-AF48-AC9BAC4BC399}.Release|Any CPU.Build.0 = Release|Any CPU
		{F47E77B1-8DCB-4D33-A976-8ACCD9840240}.Debug|Any CPU.ActiveCfg = Debug|Any CPU
		{F47E77B1-8DCB-4D33-A976-8ACCD9840240}.Debug|Any CPU.Build.0 = Debug|Any CPU
		{F47E77B1-8DCB-4D33-A976-8ACCD9840240}.Release|Any CPU.ActiveCfg = Release|Any CPU
		{F47E77B1-8DCB-4D33-A976-8ACCD9840240}.Release|Any CPU.Build.0 = Release|Any CPU
		{B31153A0-ED87-45E5-BE6B-3ABA4D4CF364}.Debug|Any CPU.ActiveCfg = Debug|Any CPU
		{B31153A0-ED87-45E5-BE6B-3ABA4D4CF364}.Debug|Any CPU.Build.0 = Debug|Any CPU
		{B31153A0-ED87-45E5-BE6B-3ABA4D4CF364}.Release|Any CPU.ActiveCfg = Release|Any CPU
		{B31153A0-ED87-45E5-BE6B-3ABA4D4CF364}.Release|Any CPU.Build.0 = Release|Any CPU
	EndGlobalSection
	GlobalSection(SolutionProperties) = preSolution
		HideSolutionNode = FALSE
	EndGlobalSection
	GlobalSection(ExtensibilityGlobals) = postSolution
		SolutionGuid = {257DD32D-484A-4A63-85EF-25750E3D930A}
	EndGlobalSection
EndGlobal
